
Microsoft Visual Studio Solution File, Format Version 12.00
# Visual Studio Version 17
VisualStudioVersion = 17.12.35527.113
MinimumVisualStudioVersion = 10.0.40219.1
Project("{FAE04EC0-301F-11D3-BF4B-00C04F79EFBC}") = "construction-apigateway", "construction-apigateway\construction-apigateway.csproj", "{4C2983AF-5B55-4BA6-812F-038A39F35BFD}"
EndProject
Project("{FAE04EC0-301F-11D3-BF4B-00C04F79EFBC}") = "construction-service-orders", "construction-service-orders\construction-service-orders.csproj", "{7C232D68-BA6E-4A20-95AC-3F54128C1B6E}"
EndProject
Project("{FAE04EC0-301F-11D3-BF4B-00C04F79EFBC}") = "construction-service-users", "construction-service-users\construction-service-users.csproj", "{052284ED-A1EB-47D8-96E8-B9E4D48673E4}"
EndProject
Project("{FAE04EC0-301F-11D3-BF4B-00C04F79EFBC}") = "construction-service-users.tests", "construction-service-users.tests\construction-service-users.tests.csproj", "{AE860438-F67E-47F2-8051-E5859EFEEDDD}"
EndProject
Global
	GlobalSection(SolutionConfigurationPlatforms) = preSolution
		Debug|Any CPU = Debug|Any CPU
		Release|Any CPU = Release|Any CPU
	EndGlobalSection
	GlobalSection(ProjectConfigurationPlatforms) = postSolution
		{4C2983AF-5B55-4BA6-812F-038A39F35BFD}.Debug|Any CPU.ActiveCfg = Debug|Any CPU
		{4C2983AF-5B55-4BA6-812F-038A39F35BFD}.Debug|Any CPU.Build.0 = Debug|Any CPU
		{4C2983AF-5B55-4BA6-812F-038A39F35BFD}.Release|Any CPU.ActiveCfg = Release|Any CPU
		{4C2983AF-5B55-4BA6-812F-038A39F35BFD}.Release|Any CPU.Build.0 = Release|Any CPU
		{7C232D68-BA6E-4A20-95AC-3F54128C1B6E}.Debug|Any CPU.ActiveCfg = Debug|Any CPU
		{7C232D68-BA6E-4A20-95AC-3F54128C1B6E}.Debug|Any CPU.Build.0 = Debug|Any CPU
		{7C232D68-BA6E-4A20-95AC-3F54128C1B6E}.Release|Any CPU.ActiveCfg = Release|Any CPU
		{7C232D68-BA6E-4A20-95AC-3F54128C1B6E}.Release|Any CPU.Build.0 = Release|Any CPU
		{052284ED-A1EB-47D8-96E8-B9E4D48673E4}.Debug|Any CPU.ActiveCfg = Debug|Any CPU
		{052284ED-A1EB-47D8-96E8-B9E4D48673E4}.Debug|Any CPU.Build.0 = Debug|Any CPU
		{052284ED-A1EB-47D8-96E8-B9E4D48673E4}.Release|Any CPU.ActiveCfg = Release|Any CPU
		{052284ED-A1EB-47D8-96E8-B9E4D48673E4}.Release|Any CPU.Build.0 = Release|Any CPU
		{AE860438-F67E-47F2-8051-E5859EFEEDDD}.Debug|Any CPU.ActiveCfg = Debug|Any CPU
		{AE860438-F67E-47F2-8051-E5859EFEEDDD}.Debug|Any CPU.Build.0 = Debug|Any CPU
		{AE860438-F67E-47F2-8051-E5859EFEEDDD}.Release|Any CPU.ActiveCfg = Release|Any CPU
		{AE860438-F67E-47F2-8051-E5859EFEEDDD}.Release|Any CPU.Build.0 = Release|Any CPU
	EndGlobalSection
	GlobalSection(SolutionProperties) = preSolution
		HideSolutionNode = FALSE
	EndGlobalSection
EndGlobal
